
Microsoft Visual Studio Solution File, Format Version 12.00
# Visual Studio 15
VisualStudioVersion = 15.0.28307.1259
MinimumVisualStudioVersion = 10.0.40219.1
Project("{FAE04EC0-301F-11D3-BF4B-00C04F79EFBC}") = "DSS_ChungKhoan", "DSS_ChungKhoan\DSS_ChungKhoan.csproj", "{6554BC10-3AE9-419C-A16B-26EE2AE432D0}"
EndProject
Global
	GlobalSection(SolutionConfigurationPlatforms) = preSolution
		Debug|Any CPU = Debug|Any CPU
		Release|Any CPU = Release|Any CPU
	EndGlobalSection
	GlobalSection(ProjectConfigurationPlatforms) = postSolution
		{6554BC10-3AE9-419C-A16B-26EE2AE432D0}.Debug|Any CPU.ActiveCfg = Debug|Any CPU
		{6554BC10-3AE9-419C-A16B-26EE2AE432D0}.Debug|Any CPU.Build.0 = Debug|Any CPU
		{6554BC10-3AE9-419C-A16B-26EE2AE432D0}.Release|Any CPU.ActiveCfg = Release|Any CPU
		{6554BC10-3AE9-419C-A16B-26EE2AE432D0}.Release|Any CPU.Build.0 = Release|Any CPU
	EndGlobalSection
	GlobalSection(SolutionProperties) = preSolution
		HideSolutionNode = FALSE
	EndGlobalSection
	GlobalSection(ExtensibilityGlobals) = postSolution
		SolutionGuid = {F376B832-ED25-43A1-8533-F912D8F58DFD}
	EndGlobalSection
EndGlobal
